
Microsoft Visual Studio Solution File, Format Version 12.00
# Visual Studio 2012
Project("{8BC9CEB8-8B4A-11D0-8D11-00A0C91BC942}") = "ConvexHullAlgorithms", "ConvexHullAlgorithms\ConvexHullAlgorithms.vcxproj", "{346B2FD9-83EF-488D-8A89-C93545D9CD2E}"
EndProject
Project("{8BC9CEB8-8B4A-11D0-8D11-00A0C91BC942}") = "TestVectaProject", "TestVectaProject\TestVectaProject.vcxproj", "{D372A332-9756-446D-933C-A7D2C78A3A0E}"
EndProject
Global
	GlobalSection(SolutionConfigurationPlatforms) = preSolution
		Debug|Win32 = Debug|Win32
		Release|Win32 = Release|Win32
	EndGlobalSection
	GlobalSection(ProjectConfigurationPlatforms) = postSolution
		{346B2FD9-83EF-488D-8A89-C93545D9CD2E}.Debug|Win32.ActiveCfg = Debug|Win32
		{346B2FD9-83EF-488D-8A89-C93545D9CD2E}.Debug|Win32.Build.0 = Debug|Win32
		{346B2FD9-83EF-488D-8A89-C93545D9CD2E}.Release|Win32.ActiveCfg = Release|Win32
		{346B2FD9-83EF-488D-8A89-C93545D9CD2E}.Release|Win32.Build.0 = Release|Win32
		{D372A332-9756-446D-933C-A7D2C78A3A0E}.Debug|Win32.ActiveCfg = Debug|Win32
		{D372A332-9756-446D-933C-A7D2C78A3A0E}.Debug|Win32.Build.0 = Debug|Win32
		{D372A332-9756-446D-933C-A7D2C78A3A0E}.Release|Win32.ActiveCfg = Release|Win32
		{D372A332-9756-446D-933C-A7D2C78A3A0E}.Release|Win32.Build.0 = Release|Win32
	EndGlobalSection
	GlobalSection(SolutionProperties) = preSolution
		HideSolutionNode = FALSE
	EndGlobalSection
EndGlobal
